
Microsoft Visual Studio Solution File, Format Version 12.00
# Visual Studio Version 16
VisualStudioVersion = 16.0.29418.71
MinimumVisualStudioVersion = 10.0.40219.1
Project("{FAE04EC0-301F-11D3-BF4B-00C04F79EFBC}") = "Client", "Client\Client.csproj", "{607E0CDC-BA7D-4A49-B03E-C401548E0FA2}"
EndProject
Global
	GlobalSection(SolutionConfigurationPlatforms) = preSolution
		Debug|Any CPU = Debug|Any CPU
		Release|Any CPU = Release|Any CPU
	EndGlobalSection
	GlobalSection(ProjectConfigurationPlatforms) = postSolution
		{607E0CDC-BA7D-4A49-B03E-C401548E0FA2}.Debug|Any CPU.ActiveCfg = Debug|Any CPU
		{607E0CDC-BA7D-4A49-B03E-C401548E0FA2}.Debug|Any CPU.Build.0 = Debug|Any CPU
		{607E0CDC-BA7D-4A49-B03E-C401548E0FA2}.Release|Any CPU.ActiveCfg = Release|Any CPU
		{607E0CDC-BA7D-4A49-B03E-C401548E0FA2}.Release|Any CPU.Build.0 = Release|Any CPU
	EndGlobalSection
	GlobalSection(SolutionProperties) = preSolution
		HideSolutionNode = FALSE
	EndGlobalSection
	GlobalSection(ExtensibilityGlobals) = postSolution
		SolutionGuid = {C605DC36-1EDA-4A83-B960-9FB793562A2E}
	EndGlobalSection
EndGlobal
